
Microsoft Visual Studio Solution File, Format Version 12.00
# Visual Studio Version 17
VisualStudioVersion = 17.3.32819.101
MinimumVisualStudioVersion = 10.0.40219.1
Project("{8BC9CEB8-8B4A-11D0-8D11-00A0C91BC942}") = "StaticVariables", "StaticVariables\StaticVariables.vcxproj", "{CD960923-9012-4E40-8CC2-AC6D98AE7AE2}"
EndProject
Global
	GlobalSection(SolutionConfigurationPlatforms) = preSolution
		Debug|x64 = Debug|x64
		Debug|x86 = Debug|x86
		Release|x64 = Release|x64
		Release|x86 = Release|x86
	EndGlobalSection
	GlobalSection(ProjectConfigurationPlatforms) = postSolution
		{CD960923-9012-4E40-8CC2-AC6D98AE7AE2}.Debug|x64.ActiveCfg = Debug|x64
		{CD960923-9012-4E40-8CC2-AC6D98AE7AE2}.Debug|x64.Build.0 = Debug|x64
		{CD960923-9012-4E40-8CC2-AC6D98AE7AE2}.Debug|x86.ActiveCfg = Debug|Win32
		{CD960923-9012-4E40-8CC2-AC6D98AE7AE2}.Debug|x86.Build.0 = Debug|Win32
		{CD960923-9012-4E40-8CC2-AC6D98AE7AE2}.Release|x64.ActiveCfg = Release|x64
		{CD960923-9012-4E40-8CC2-AC6D98AE7AE2}.Release|x64.Build.0 = Release|x64
		{CD960923-9012-4E40-8CC2-AC6D98AE7AE2}.Release|x86.ActiveCfg = Release|Win32
		{CD960923-9012-4E40-8CC2-AC6D98AE7AE2}.Release|x86.Build.0 = Release|Win32
	EndGlobalSection
	GlobalSection(SolutionProperties) = preSolution
		HideSolutionNode = FALSE
	EndGlobalSection
	GlobalSection(ExtensibilityGlobals) = postSolution
		SolutionGuid = {1917BCE7-305A-4914-8A92-D13419B04BA6}
	EndGlobalSection
EndGlobal
